
Microsoft Visual Studio Solution File, Format Version 12.00
# Visual Studio Version 17
VisualStudioVersion = 17.4.33205.214
MinimumVisualStudioVersion = 10.0.40219.1
Project("{FAE04EC0-301F-11D3-BF4B-00C04F79EFBC}") = "WelcomeToTheClinic", "WelcomeToTheClinic\WelcomeToTheClinic.csproj", "{51897B44-074B-45F1-A9C9-F7684CF834C8}"
EndProject
Global
	GlobalSection(SolutionConfigurationPlatforms) = preSolution
		Debug|Any CPU = Debug|Any CPU
		Release|Any CPU = Release|Any CPU
	EndGlobalSection
	GlobalSection(ProjectConfigurationPlatforms) = postSolution
		{51897B44-074B-45F1-A9C9-F7684CF834C8}.Debug|Any CPU.ActiveCfg = Debug|Any CPU
		{51897B44-074B-45F1-A9C9-F7684CF834C8}.Debug|Any CPU.Build.0 = Debug|Any CPU
		{51897B44-074B-45F1-A9C9-F7684CF834C8}.Release|Any CPU.ActiveCfg = Release|Any CPU
		{51897B44-074B-45F1-A9C9-F7684CF834C8}.Release|Any CPU.Build.0 = Release|Any CPU
	EndGlobalSection
	GlobalSection(SolutionProperties) = preSolution
		HideSolutionNode = FALSE
	EndGlobalSection
	GlobalSection(ExtensibilityGlobals) = postSolution
		SolutionGuid = {22F3782A-E537-4D1C-B0AC-66BFF7DAFEE0}
	EndGlobalSection
EndGlobal
